
Microsoft Visual Studio Solution File, Format Version 12.00
# Visual Studio Version 17
VisualStudioVersion = 17.7.34024.191
MinimumVisualStudioVersion = 10.0.40219.1
Project("{8BC9CEB8-8B4A-11D0-8D11-00A0C91BC942}") = "Shelyakina_as2205", "Shelyakina_as2205\Shelyakina_as2205.vcxproj", "{ADE76B14-6570-4629-98DA-D27C3C0C1AD2}"
EndProject
Global
	GlobalSection(SolutionConfigurationPlatforms) = preSolution
		Debug|x64 = Debug|x64
		Debug|x86 = Debug|x86
		Release|x64 = Release|x64
		Release|x86 = Release|x86
	EndGlobalSection
	GlobalSection(ProjectConfigurationPlatforms) = postSolution
		{ADE76B14-6570-4629-98DA-D27C3C0C1AD2}.Debug|x64.ActiveCfg = Debug|x64
		{ADE76B14-6570-4629-98DA-D27C3C0C1AD2}.Debug|x64.Build.0 = Debug|x64
		{ADE76B14-6570-4629-98DA-D27C3C0C1AD2}.Debug|x86.ActiveCfg = Debug|Win32
		{ADE76B14-6570-4629-98DA-D27C3C0C1AD2}.Debug|x86.Build.0 = Debug|Win32
		{ADE76B14-6570-4629-98DA-D27C3C0C1AD2}.Release|x64.ActiveCfg = Release|x64
		{ADE76B14-6570-4629-98DA-D27C3C0C1AD2}.Release|x64.Build.0 = Release|x64
		{ADE76B14-6570-4629-98DA-D27C3C0C1AD2}.Release|x86.ActiveCfg = Release|Win32
		{ADE76B14-6570-4629-98DA-D27C3C0C1AD2}.Release|x86.Build.0 = Release|Win32
	EndGlobalSection
	GlobalSection(SolutionProperties) = preSolution
		HideSolutionNode = FALSE
	EndGlobalSection
	GlobalSection(ExtensibilityGlobals) = postSolution
		SolutionGuid = {07A2DC49-E41C-45B1-B2DD-F8B398AE96AD}
	EndGlobalSection
EndGlobal
